
Microsoft Visual Studio Solution File, Format Version 12.00
# Visual Studio 2013
VisualStudioVersion = 12.0.21005.1
MinimumVisualStudioVersion = 10.0.40219.1
Project("{FAE04EC0-301F-11D3-BF4B-00C04F79EFBC}") = "Compass.DataModel", "Compass.DataModel\Compass.DataModel.csproj", "{BF1BF227-9B35-4D84-A188-2D448EC58873}"
EndProject
Project("{FAE04EC0-301F-11D3-BF4B-00C04F79EFBC}") = "Compass.Business.Entities", "Compass.Business.Entities\Compass.Business.Entities.csproj", "{3EBB50F7-08FF-411D-A52B-BC81DAB114B0}"
EndProject
Project("{FAE04EC0-301F-11D3-BF4B-00C04F79EFBC}") = "Compass.Business.Components", "Compass.Business.Components\Compass.Business.Components.csproj", "{4C30B162-CBA3-49E6-A900-8CA8B462BBB0}"
EndProject
Global
	GlobalSection(SolutionConfigurationPlatforms) = preSolution
		Debug|Any CPU = Debug|Any CPU
		Release|Any CPU = Release|Any CPU
	EndGlobalSection
	GlobalSection(ProjectConfigurationPlatforms) = postSolution
		{BF1BF227-9B35-4D84-A188-2D448EC58873}.Debug|Any CPU.ActiveCfg = Debug|Any CPU
		{BF1BF227-9B35-4D84-A188-2D448EC58873}.Debug|Any CPU.Build.0 = Debug|Any CPU
		{BF1BF227-9B35-4D84-A188-2D448EC58873}.Release|Any CPU.ActiveCfg = Release|Any CPU
		{BF1BF227-9B35-4D84-A188-2D448EC58873}.Release|Any CPU.Build.0 = Release|Any CPU
		{3EBB50F7-08FF-411D-A52B-BC81DAB114B0}.Debug|Any CPU.ActiveCfg = Debug|Any CPU
		{3EBB50F7-08FF-411D-A52B-BC81DAB114B0}.Debug|Any CPU.Build.0 = Debug|Any CPU
		{3EBB50F7-08FF-411D-A52B-BC81DAB114B0}.Release|Any CPU.ActiveCfg = Release|Any CPU
		{3EBB50F7-08FF-411D-A52B-BC81DAB114B0}.Release|Any CPU.Build.0 = Release|Any CPU
		{4C30B162-CBA3-49E6-A900-8CA8B462BBB0}.Debug|Any CPU.ActiveCfg = Debug|Any CPU
		{4C30B162-CBA3-49E6-A900-8CA8B462BBB0}.Debug|Any CPU.Build.0 = Debug|Any CPU
		{4C30B162-CBA3-49E6-A900-8CA8B462BBB0}.Release|Any CPU.ActiveCfg = Release|Any CPU
		{4C30B162-CBA3-49E6-A900-8CA8B462BBB0}.Release|Any CPU.Build.0 = Release|Any CPU
	EndGlobalSection
	GlobalSection(SolutionProperties) = preSolution
		HideSolutionNode = FALSE
	EndGlobalSection
EndGlobal
